
Microsoft Visual Studio Solution File, Format Version 12.00
Project("{FAE04EC0-301F-11D3-BF4B-00C04F79EFBC}") = "BinarySearch", "BinarySearch\BinarySearch.csproj", "{AD878269-3277-4FE3-8346-6E881FFE25AF}"
EndProject
Project("{FAE04EC0-301F-11D3-BF4B-00C04F79EFBC}") = "SelectionSort", "SelectionSort\SelectionSort.csproj", "{9A195259-642A-44EC-ACF8-4E21B0B26679}"
EndProject
Project("{FAE04EC0-301F-11D3-BF4B-00C04F79EFBC}") = "RecursiveFunctions", "RecursiveFunctions\RecursiveFunctions.csproj", "{9F1902C2-08B9-4C10-86DA-B076C4005853}"
EndProject
Project("{FAE04EC0-301F-11D3-BF4B-00C04F79EFBC}") = "QuickSort", "QuickSort\QuickSort.csproj", "{E1B2268B-91E9-496B-9FA5-B8194336C2B6}"
EndProject
Global
	GlobalSection(SolutionConfigurationPlatforms) = preSolution
		Debug|Any CPU = Debug|Any CPU
		Release|Any CPU = Release|Any CPU
	EndGlobalSection
	GlobalSection(ProjectConfigurationPlatforms) = postSolution
		{AD878269-3277-4FE3-8346-6E881FFE25AF}.Debug|Any CPU.ActiveCfg = Debug|Any CPU
		{AD878269-3277-4FE3-8346-6E881FFE25AF}.Debug|Any CPU.Build.0 = Debug|Any CPU
		{AD878269-3277-4FE3-8346-6E881FFE25AF}.Release|Any CPU.ActiveCfg = Release|Any CPU
		{AD878269-3277-4FE3-8346-6E881FFE25AF}.Release|Any CPU.Build.0 = Release|Any CPU
		{9A195259-642A-44EC-ACF8-4E21B0B26679}.Debug|Any CPU.ActiveCfg = Debug|Any CPU
		{9A195259-642A-44EC-ACF8-4E21B0B26679}.Debug|Any CPU.Build.0 = Debug|Any CPU
		{9A195259-642A-44EC-ACF8-4E21B0B26679}.Release|Any CPU.ActiveCfg = Release|Any CPU
		{9A195259-642A-44EC-ACF8-4E21B0B26679}.Release|Any CPU.Build.0 = Release|Any CPU
		{9F1902C2-08B9-4C10-86DA-B076C4005853}.Debug|Any CPU.ActiveCfg = Debug|Any CPU
		{9F1902C2-08B9-4C10-86DA-B076C4005853}.Debug|Any CPU.Build.0 = Debug|Any CPU
		{9F1902C2-08B9-4C10-86DA-B076C4005853}.Release|Any CPU.ActiveCfg = Release|Any CPU
		{9F1902C2-08B9-4C10-86DA-B076C4005853}.Release|Any CPU.Build.0 = Release|Any CPU
		{E1B2268B-91E9-496B-9FA5-B8194336C2B6}.Debug|Any CPU.ActiveCfg = Debug|Any CPU
		{E1B2268B-91E9-496B-9FA5-B8194336C2B6}.Debug|Any CPU.Build.0 = Debug|Any CPU
		{E1B2268B-91E9-496B-9FA5-B8194336C2B6}.Release|Any CPU.ActiveCfg = Release|Any CPU
		{E1B2268B-91E9-496B-9FA5-B8194336C2B6}.Release|Any CPU.Build.0 = Release|Any CPU
	EndGlobalSection
EndGlobal
