
Microsoft Visual Studio Solution File, Format Version 12.00
Project("{FAE04EC0-301F-11D3-BF4B-00C04F79EFBC}") = "BinarySearch", "BinarySearch\BinarySearch.csproj", "{AD878269-3277-4FE3-8346-6E881FFE25AF}"
EndProject
Project("{FAE04EC0-301F-11D3-BF4B-00C04F79EFBC}") = "SelectionSort", "SelectionSort\SelectionSort.csproj", "{9A195259-642A-44EC-ACF8-4E21B0B26679}"
EndProject
Project("{FAE04EC0-301F-11D3-BF4B-00C04F79EFBC}") = "RecursiveFunctions", "RecursiveFunctions\RecursiveFunctions.csproj", "{9F1902C2-08B9-4C10-86DA-B076C4005853}"
EndProject
Project("{FAE04EC0-301F-11D3-BF4B-00C04F79EFBC}") = "QuickSort", "QuickSort\QuickSort.csproj", "{E1B2268B-91E9-496B-9FA5-B8194336C2B6}"
EndProject
Project("{FAE04EC0-301F-11D3-BF4B-00C04F79EFBC}") = "BreadthFirstSearch", "BreadthFirstSearch\BreadthFirstSearch.csproj", "{1A8CD25F-39E3-44C5-8E2F-E378C1F8F643}"
EndProject
Project("{FAE04EC0-301F-11D3-BF4B-00C04F79EFBC}") = "DijkstrasAlgorithm", "DijkstrasAlgorithm\DijkstrasAlgorithm.csproj", "{DE79B536-A4B4-4A8F-83CB-59FD195C6496}"
EndProject
Project("{FAE04EC0-301F-11D3-BF4B-00C04F79EFBC}") = "DijkstrasAlgorithm", "DijkstrasAlgorithm\DijkstrasAlgorithm.csproj", "{DE79B536-A4B4-4A8F-83CB-59FD195C6496}"
EndProject
Project("{FAE04EC0-301F-11D3-BF4B-00C04F79EFBC}") = "Tree", "Tree\Tree.csproj", "{BD1E018C-2190-4848-830B-3CF04B74B5F1}"
EndProject
Project("{FAE04EC0-301F-11D3-BF4B-00C04F79EFBC}") = "StackWithMax", "StackWithMax\StackWithMax.csproj", "{778BBBF1-35D3-456B-BC6B-AE0501873EE2}"
EndProject
Project("{FAE04EC0-301F-11D3-BF4B-00C04F79EFBC}") = "BinaryHeap", "BinaryHeap\BinaryHeap.csproj", "{FCB6B884-38AE-4680-83B7-139FCEC2D0B7}"
EndProject
Project("{FAE04EC0-301F-11D3-BF4B-00C04F79EFBC}") = "DisjointSet", "DisjointSet\DisjointSet.csproj", "{08558A64-C122-41A9-8789-D193090B4C9E}"
EndProject
Project("{FAE04EC0-301F-11D3-BF4B-00C04F79EFBC}") = "LIS", "LIS\LIS.csproj", "{6C9C4C83-629B-41AC-A59F-6B0D44B23B96}"
EndProject
Project("{FAE04EC0-301F-11D3-BF4B-00C04F79EFBC}") = "LevenshteinDistance", "LevenshteinDistance\LevenshteinDistance.csproj", "{84156788-58BD-490A-A244-18E2FB3FF5AB}"
EndProject
Project("{FAE04EC0-301F-11D3-BF4B-00C04F79EFBC}") = "Knapsack", "Knapsack\Knapsack.csproj", "{715D8F6D-294A-4403-8B2F-7E9817234046}"
EndProject
Project("{FAE04EC0-301F-11D3-BF4B-00C04F79EFBC}") = "BinaryHeap.Tests", "BinaryHeap.Tests\BinaryHeap.Tests.csproj", "{B3CF0D9C-E05A-40C0-A6E4-F471E7479784}"
EndProject
Global
	GlobalSection(SolutionConfigurationPlatforms) = preSolution
		Debug|Any CPU = Debug|Any CPU
		Release|Any CPU = Release|Any CPU
	EndGlobalSection
	GlobalSection(ProjectConfigurationPlatforms) = postSolution
		{AD878269-3277-4FE3-8346-6E881FFE25AF}.Debug|Any CPU.ActiveCfg = Debug|Any CPU
		{AD878269-3277-4FE3-8346-6E881FFE25AF}.Debug|Any CPU.Build.0 = Debug|Any CPU
		{AD878269-3277-4FE3-8346-6E881FFE25AF}.Release|Any CPU.ActiveCfg = Release|Any CPU
		{AD878269-3277-4FE3-8346-6E881FFE25AF}.Release|Any CPU.Build.0 = Release|Any CPU
		{9A195259-642A-44EC-ACF8-4E21B0B26679}.Debug|Any CPU.ActiveCfg = Debug|Any CPU
		{9A195259-642A-44EC-ACF8-4E21B0B26679}.Debug|Any CPU.Build.0 = Debug|Any CPU
		{9A195259-642A-44EC-ACF8-4E21B0B26679}.Release|Any CPU.ActiveCfg = Release|Any CPU
		{9A195259-642A-44EC-ACF8-4E21B0B26679}.Release|Any CPU.Build.0 = Release|Any CPU
		{9F1902C2-08B9-4C10-86DA-B076C4005853}.Debug|Any CPU.ActiveCfg = Debug|Any CPU
		{9F1902C2-08B9-4C10-86DA-B076C4005853}.Debug|Any CPU.Build.0 = Debug|Any CPU
		{9F1902C2-08B9-4C10-86DA-B076C4005853}.Release|Any CPU.ActiveCfg = Release|Any CPU
		{9F1902C2-08B9-4C10-86DA-B076C4005853}.Release|Any CPU.Build.0 = Release|Any CPU
		{E1B2268B-91E9-496B-9FA5-B8194336C2B6}.Debug|Any CPU.ActiveCfg = Debug|Any CPU
		{E1B2268B-91E9-496B-9FA5-B8194336C2B6}.Debug|Any CPU.Build.0 = Debug|Any CPU
		{E1B2268B-91E9-496B-9FA5-B8194336C2B6}.Release|Any CPU.ActiveCfg = Release|Any CPU
		{E1B2268B-91E9-496B-9FA5-B8194336C2B6}.Release|Any CPU.Build.0 = Release|Any CPU
		{1A8CD25F-39E3-44C5-8E2F-E378C1F8F643}.Debug|Any CPU.ActiveCfg = Debug|Any CPU
		{1A8CD25F-39E3-44C5-8E2F-E378C1F8F643}.Debug|Any CPU.Build.0 = Debug|Any CPU
		{1A8CD25F-39E3-44C5-8E2F-E378C1F8F643}.Release|Any CPU.ActiveCfg = Release|Any CPU
		{1A8CD25F-39E3-44C5-8E2F-E378C1F8F643}.Release|Any CPU.Build.0 = Release|Any CPU
		{DE79B536-A4B4-4A8F-83CB-59FD195C6496}.Debug|Any CPU.ActiveCfg = Debug|Any CPU
		{DE79B536-A4B4-4A8F-83CB-59FD195C6496}.Debug|Any CPU.Build.0 = Debug|Any CPU
		{DE79B536-A4B4-4A8F-83CB-59FD195C6496}.Release|Any CPU.ActiveCfg = Release|Any CPU
		{DE79B536-A4B4-4A8F-83CB-59FD195C6496}.Release|Any CPU.Build.0 = Release|Any CPU
		{DE79B536-A4B4-4A8F-83CB-59FD195C6496}.Debug|Any CPU.ActiveCfg = Debug|Any CPU
		{DE79B536-A4B4-4A8F-83CB-59FD195C6496}.Debug|Any CPU.Build.0 = Debug|Any CPU
		{DE79B536-A4B4-4A8F-83CB-59FD195C6496}.Release|Any CPU.ActiveCfg = Release|Any CPU
		{DE79B536-A4B4-4A8F-83CB-59FD195C6496}.Release|Any CPU.Build.0 = Release|Any CPU
		{BD1E018C-2190-4848-830B-3CF04B74B5F1}.Debug|Any CPU.ActiveCfg = Debug|Any CPU
		{BD1E018C-2190-4848-830B-3CF04B74B5F1}.Debug|Any CPU.Build.0 = Debug|Any CPU
		{BD1E018C-2190-4848-830B-3CF04B74B5F1}.Release|Any CPU.ActiveCfg = Release|Any CPU
		{BD1E018C-2190-4848-830B-3CF04B74B5F1}.Release|Any CPU.Build.0 = Release|Any CPU
		{778BBBF1-35D3-456B-BC6B-AE0501873EE2}.Debug|Any CPU.ActiveCfg = Debug|Any CPU
		{778BBBF1-35D3-456B-BC6B-AE0501873EE2}.Debug|Any CPU.Build.0 = Debug|Any CPU
		{778BBBF1-35D3-456B-BC6B-AE0501873EE2}.Release|Any CPU.ActiveCfg = Release|Any CPU
		{778BBBF1-35D3-456B-BC6B-AE0501873EE2}.Release|Any CPU.Build.0 = Release|Any CPU
		{FCB6B884-38AE-4680-83B7-139FCEC2D0B7}.Debug|Any CPU.ActiveCfg = Debug|Any CPU
		{FCB6B884-38AE-4680-83B7-139FCEC2D0B7}.Debug|Any CPU.Build.0 = Debug|Any CPU
		{FCB6B884-38AE-4680-83B7-139FCEC2D0B7}.Release|Any CPU.ActiveCfg = Release|Any CPU
		{FCB6B884-38AE-4680-83B7-139FCEC2D0B7}.Release|Any CPU.Build.0 = Release|Any CPU
		{08558A64-C122-41A9-8789-D193090B4C9E}.Debug|Any CPU.ActiveCfg = Debug|Any CPU
		{08558A64-C122-41A9-8789-D193090B4C9E}.Debug|Any CPU.Build.0 = Debug|Any CPU
		{08558A64-C122-41A9-8789-D193090B4C9E}.Release|Any CPU.ActiveCfg = Release|Any CPU
		{08558A64-C122-41A9-8789-D193090B4C9E}.Release|Any CPU.Build.0 = Release|Any CPU
		{6C9C4C83-629B-41AC-A59F-6B0D44B23B96}.Debug|Any CPU.ActiveCfg = Debug|Any CPU
		{6C9C4C83-629B-41AC-A59F-6B0D44B23B96}.Debug|Any CPU.Build.0 = Debug|Any CPU
		{6C9C4C83-629B-41AC-A59F-6B0D44B23B96}.Release|Any CPU.ActiveCfg = Release|Any CPU
		{6C9C4C83-629B-41AC-A59F-6B0D44B23B96}.Release|Any CPU.Build.0 = Release|Any CPU
		{84156788-58BD-490A-A244-18E2FB3FF5AB}.Debug|Any CPU.ActiveCfg = Debug|Any CPU
		{84156788-58BD-490A-A244-18E2FB3FF5AB}.Debug|Any CPU.Build.0 = Debug|Any CPU
		{84156788-58BD-490A-A244-18E2FB3FF5AB}.Release|Any CPU.ActiveCfg = Release|Any CPU
		{84156788-58BD-490A-A244-18E2FB3FF5AB}.Release|Any CPU.Build.0 = Release|Any CPU
		{715D8F6D-294A-4403-8B2F-7E9817234046}.Debug|Any CPU.ActiveCfg = Debug|Any CPU
		{715D8F6D-294A-4403-8B2F-7E9817234046}.Debug|Any CPU.Build.0 = Debug|Any CPU
		{715D8F6D-294A-4403-8B2F-7E9817234046}.Release|Any CPU.ActiveCfg = Release|Any CPU
		{715D8F6D-294A-4403-8B2F-7E9817234046}.Release|Any CPU.Build.0 = Release|Any CPU
		{B3CF0D9C-E05A-40C0-A6E4-F471E7479784}.Debug|Any CPU.ActiveCfg = Debug|Any CPU
		{B3CF0D9C-E05A-40C0-A6E4-F471E7479784}.Debug|Any CPU.Build.0 = Debug|Any CPU
		{B3CF0D9C-E05A-40C0-A6E4-F471E7479784}.Release|Any CPU.ActiveCfg = Release|Any CPU
		{B3CF0D9C-E05A-40C0-A6E4-F471E7479784}.Release|Any CPU.Build.0 = Release|Any CPU
	EndGlobalSection
EndGlobal
